# VisionGuard Advanced AI online-bootstrap top-level lock.
# Transitive packages are resolved only from the fixed official indexes in the
# bootstrap manifest and are captured in advanced-ai-installed-bom.json.
--index-url https://pypi.org/simple
pip==25.2
setuptools==80.9.0
wheel==0.45.1
packaging==25.0
accelerate==1.15.0
annotated-doc==0.0.5
annotated-types==0.8.0
anyio==4.15.1
certifi==2026.7.22
charset-normalizer==3.5.1
click==8.5.0
fastapi==0.141.1
filelock==3.32.6
fsspec==2026.7.0
h11==0.16.0
huggingface-hub==0.36.2
idna==3.19
Jinja2==3.1.6
MarkupSafe==3.0.3
mpmath==1.3.0
networkx==3.6.1
numpy==2.3.5
Pillow==12.3.0
psutil==7.2.2
pydantic==2.13.5
pydantic-core==2.46.5
python-multipart==0.0.32
PyYAML==6.0.3
regex==2026.9.10
requests==2.34.2
safetensors==0.7.0
starlette==1.6.0
sympy==1.14.0
tokenizers==0.22.2
tqdm==4.70.1
transformers==4.57.6
typing-extensions==4.16.0
typing-inspection==0.4.4
urllib3==2.7.0
uvicorn==0.53.0
colorama==0.4.6

# Installed separately from https://download.pytorch.org/whl/cu128.
torch==2.11.0+cu128
torchvision==0.26.0+cu128
